
Microsoft Visual Studio Solution File, Format Version 12.00
# Visual Studio Version 17
VisualStudioVersion = 17.12.35527.113 d17.12
MinimumVisualStudioVersion = 10.0.40219.1
Project("{FAE04EC0-301F-11D3-BF4B-00C04F79EFBC}") = "GroovyMail", "GroovyMail\GroovyMail.csproj", "{789F4924-FE8C-4EE0-B34E-547A8AA57EBE}"
EndProject
Global
	GlobalSection(SolutionConfigurationPlatforms) = preSolution
		Debug|Any CPU = Debug|Any CPU
		Release|Any CPU = Release|Any CPU
	EndGlobalSection
	GlobalSection(ProjectConfigurationPlatforms) = postSolution
		{789F4924-FE8C-4EE0-B34E-547A8AA57EBE}.Debug|Any CPU.ActiveCfg = Debug|Any CPU
		{789F4924-FE8C-4EE0-B34E-547A8AA57EBE}.Debug|Any CPU.Build.0 = Debug|Any CPU
		{789F4924-FE8C-4EE0-B34E-547A8AA57EBE}.Release|Any CPU.ActiveCfg = Release|Any CPU
		{789F4924-FE8C-4EE0-B34E-547A8AA57EBE}.Release|Any CPU.Build.0 = Release|Any CPU
	EndGlobalSection
	GlobalSection(SolutionProperties) = preSolution
		HideSolutionNode = FALSE
	EndGlobalSection
EndGlobal
